{
  "name": "example",
  "version": "1.0.0",
  "lockfileVersion": 3,
  "requires": true,
  "packages": {
    "": {
      "name": "example",
      "version": "1.0.0",
      "license": "ISC",
      "dependencies": {
        "autobahn-client": "^0.1.0"
      }
    },
    "node_modules/autobahn-client": {
      "version": "0.1.0",
      "resolved": "https://registry.npmjs.org/autobahn-client/-/autobahn-client-0.1.0.tgz",
      "integrity": "sha512-Om2t3HsfSmqIROMZrFTeZHboBPyxf9NBuOPSZwoDyEv44PpGcAQ444kF1cQz4lpMODR8kvczdhOJ4cLONsa6xw==",
      "license": "MIT"
    }
  }
}
